
Microsoft Visual Studio Solution File, Format Version 12.00
# Visual Studio 14
VisualStudioVersion = 14.0.25420.1
MinimumVisualStudioVersion = 10.0.40219.1
Project("{FAE04EC0-301F-11D3-BF4B-00C04F79EFBC}") = "WorkoutWotch.Utility", "WorkoutWotch.Utility\WorkoutWotch.Utility.csproj", "{9F1656AA-40C6-4996-AEAE-780E0BEE19A2}"
EndProject
Project("{FAE04EC0-301F-11D3-BF4B-00C04F79EFBC}") = "WorkoutWotch.Services.Contracts", "WorkoutWotch.Services.Contracts\WorkoutWotch.Services.Contracts.csproj", "{FF31957D-CE68-4633-9683-4D285C12F3F1}"
EndProject
Project("{FAE04EC0-301F-11D3-BF4B-00C04F79EFBC}") = "WorkoutWotch.Services", "WorkoutWotch.Services\WorkoutWotch.Services.csproj", "{35210740-7C04-4B7B-98A0-2322B9576434}"
EndProject
Project("{FAE04EC0-301F-11D3-BF4B-00C04F79EFBC}") = "WorkoutWotch.Services.iOS", "WorkoutWotch.Services.iOS\WorkoutWotch.Services.iOS.csproj", "{9BA1959E-4C76-42F6-A2F5-AC6E0C6CCF61}"
EndProject
Project("{FAE04EC0-301F-11D3-BF4B-00C04F79EFBC}") = "WorkoutWotch.Models", "WorkoutWotch.Models\WorkoutWotch.Models.csproj", "{74685F96-6BFE-403C-B046-CDE90E52DA70}"
EndProject
Project("{FAE04EC0-301F-11D3-BF4B-00C04F79EFBC}") = "WorkoutWotch.ViewModels", "WorkoutWotch.ViewModels\WorkoutWotch.ViewModels.csproj", "{FCB4C356-C2D8-4C9B-BDAC-D802EC2CA0FE}"
EndProject
Project("{FAE04EC0-301F-11D3-BF4B-00C04F79EFBC}") = "WorkoutWotch.UnitTests", "WorkoutWotch.UnitTests\WorkoutWotch.UnitTests.csproj", "{AF44D9D3-8BF2-4B77-8AE4-D55B44BE7B88}"
EndProject
Project("{FAE04EC0-301F-11D3-BF4B-00C04F79EFBC}") = "WorkoutWotch.UI.TestHarness.iOS", "WorkoutWotch.UI.TestHarness.iOS\WorkoutWotch.UI.TestHarness.iOS.csproj", "{6FD34322-75F5-41F2-A470-A35B852755BB}"
EndProject
Project("{FAE04EC0-301F-11D3-BF4B-00C04F79EFBC}") = "WorkoutWotch.UI", "WorkoutWotch.UI\WorkoutWotch.UI.csproj", "{090950C0-0A74-48EB-9F2F-57F244451A1D}"
EndProject
Project("{FAE04EC0-301F-11D3-BF4B-00C04F79EFBC}") = "WorkoutWotch.UI.iOS", "WorkoutWotch.UI.iOS\WorkoutWotch.UI.iOS.csproj", "{3F049562-6134-4622-9B22-0FCB1390FCEB}"
EndProject
Project("{FAE04EC0-301F-11D3-BF4B-00C04F79EFBC}") = "WorkoutWotch.Services.Android", "WorkoutWotch.Services.Android\WorkoutWotch.Services.Android.csproj", "{691632BD-A24C-4DE4-A5DC-99826AA7E8BE}"
EndProject
Project("{FAE04EC0-301F-11D3-BF4B-00C04F79EFBC}") = "WorkoutWotch.UI.Android", "WorkoutWotch.UI.Android\WorkoutWotch.UI.Android.csproj", "{23970AFB-D75D-476B-AE8A-6C800E59BE80}"
EndProject
Project("{FAE04EC0-301F-11D3-BF4B-00C04F79EFBC}") = "WorkoutWotch.UI.TestHarness.Android", "WorkoutWotch.UI.TestHarness.Android\WorkoutWotch.UI.TestHarness.Android.csproj", "{0EFC29E7-B217-4622-8198-E7AECA29526A}"
EndProject
Project("{2150E333-8FDC-42A3-9474-1A3956D46DE8}") = "Platform", "Platform", "{968216BD-D7EB-425B-8317-007C5014CFF0}"
EndProject
Global
	GlobalSection(SolutionConfigurationPlatforms) = preSolution
		Ad-Hoc|Any CPU = Ad-Hoc|Any CPU
		Ad-Hoc|ARM = Ad-Hoc|ARM
		Ad-Hoc|iPhone = Ad-Hoc|iPhone
		Ad-Hoc|iPhoneSimulator = Ad-Hoc|iPhoneSimulator
		Ad-Hoc|x86 = Ad-Hoc|x86
		AppStore|Any CPU = AppStore|Any CPU
		AppStore|ARM = AppStore|ARM
		AppStore|iPhone = AppStore|iPhone
		AppStore|iPhoneSimulator = AppStore|iPhoneSimulator
		AppStore|x86 = AppStore|x86
		Debug|Any CPU = Debug|Any CPU
		Debug|ARM = Debug|ARM
		Debug|iPhone = Debug|iPhone
		Debug|iPhoneSimulator = Debug|iPhoneSimulator
		Debug|x86 = Debug|x86
		Release|Any CPU = Release|Any CPU
		Release|ARM = Release|ARM
		Release|iPhone = Release|iPhone
		Release|iPhoneSimulator = Release|iPhoneSimulator
		Release|x86 = Release|x86
	EndGlobalSection
	GlobalSection(ProjectConfigurationPlatforms) = postSolution
		{9F1656AA-40C6-4996-AEAE-780E0BEE19A2}.Ad-Hoc|Any CPU.ActiveCfg = Debug|Any CPU
		{9F1656AA-40C6-4996-AEAE-780E0BEE19A2}.Ad-Hoc|Any CPU.Build.0 = Debug|Any CPU
		{9F1656AA-40C6-4996-AEAE-780E0BEE19A2}.Ad-Hoc|ARM.ActiveCfg = Release|Any CPU
		{9F1656AA-40C6-4996-AEAE-780E0BEE19A2}.Ad-Hoc|ARM.Build.0 = Release|Any CPU
		{9F1656AA-40C6-4996-AEAE-780E0BEE19A2}.Ad-Hoc|iPhone.ActiveCfg = Release|Any CPU
		{9F1656AA-40C6-4996-AEAE-780E0BEE19A2}.Ad-Hoc|iPhone.Build.0 = Release|Any CPU
		{9F1656AA-40C6-4996-AEAE-780E0BEE19A2}.Ad-Hoc|iPhoneSimulator.ActiveCfg = Debug|Any CPU
		{9F1656AA-40C6-4996-AEAE-780E0BEE19A2}.Ad-Hoc|iPhoneSimulator.Build.0 = Debug|Any CPU
		{9F1656AA-40C6-4996-AEAE-780E0BEE19A2}.Ad-Hoc|x86.ActiveCfg = Release|Any CPU
		{9F1656AA-40C6-4996-AEAE-780E0BEE19A2}.Ad-Hoc|x86.Build.0 = Release|Any CPU
		{9F1656AA-40C6-4996-AEAE-780E0BEE19A2}.AppStore|Any CPU.ActiveCfg = Debug|Any CPU
		{9F1656AA-40C6-4996-AEAE-780E0BEE19A2}.AppStore|Any CPU.Build.0 = Debug|Any CPU
		{9F1656AA-40C6-4996-AEAE-780E0BEE19A2}.AppStore|ARM.ActiveCfg = Release|Any CPU
		{9F1656AA-40C6-4996-AEAE-780E0BEE19A2}.AppStore|ARM.Build.0 = Release|Any CPU
		{9F1656AA-40C6-4996-AEAE-780E0BEE19A2}.AppStore|iPhone.ActiveCfg = Debug|Any CPU
		{9F1656AA-40C6-4996-AEAE-780E0BEE19A2}.AppStore|iPhone.Build.0 = Debug|Any CPU
		{9F1656AA-40C6-4996-AEAE-780E0BEE19A2}.AppStore|iPhoneSimulator.ActiveCfg = Debug|Any CPU
		{9F1656AA-40C6-4996-AEAE-780E0BEE19A2}.AppStore|iPhoneSimulator.Build.0 = Debug|Any CPU
		{9F1656AA-40C6-4996-AEAE-780E0BEE19A2}.AppStore|x86.ActiveCfg = Release|Any CPU
		{9F1656AA-40C6-4996-AEAE-780E0BEE19A2}.AppStore|x86.Build.0 = Release|Any CPU
		{9F1656AA-40C6-4996-AEAE-780E0BEE19A2}.Debug|Any CPU.ActiveCfg = Debug|Any CPU
		{9F1656AA-40C6-4996-AEAE-780E0BEE19A2}.Debug|Any CPU.Build.0 = Debug|Any CPU
		{9F1656AA-40C6-4996-AEAE-780E0BEE19A2}.Debug|ARM.ActiveCfg = Debug|Any CPU
		{9F1656AA-40C6-4996-AEAE-780E0BEE19A2}.Debug|ARM.Build.0 = Debug|Any CPU
		{9F1656AA-40C6-4996-AEAE-780E0BEE19A2}.Debug|iPhone.ActiveCfg = Debug|Any CPU
		{9F1656AA-40C6-4996-AEAE-780E0BEE19A2}.Debug|iPhone.Build.0 = Debug|Any CPU
		{9F1656AA-40C6-4996-AEAE-780E0BEE19A2}.Debug|iPhoneSimulator.ActiveCfg = Debug|Any CPU
		{9F1656AA-40C6-4996-AEAE-780E0BEE19A2}.Debug|iPhoneSimulator.Build.0 = Debug|Any CPU
		{9F1656AA-40C6-4996-AEAE-780E0BEE19A2}.Debug|x86.ActiveCfg = Debug|Any CPU
		{9F1656AA-40C6-4996-AEAE-780E0BEE19A2}.Debug|x86.Build.0 = Debug|Any CPU
		{9F1656AA-40C6-4996-AEAE-780E0BEE19A2}.Release|Any CPU.ActiveCfg = Release|Any CPU
		{9F1656AA-40C6-4996-AEAE-780E0BEE19A2}.Release|Any CPU.Build.0 = Release|Any CPU
		{9F1656AA-40C6-4996-AEAE-780E0BEE19A2}.Release|ARM.ActiveCfg = Release|Any CPU
		{9F1656AA-40C6-4996-AEAE-780E0BEE19A2}.Release|ARM.Build.0 = Release|Any CPU
		{9F1656AA-40C6-4996-AEAE-780E0BEE19A2}.Release|iPhone.ActiveCfg = Release|Any CPU
		{9F1656AA-40C6-4996-AEAE-780E0BEE19A2}.Release|iPhone.Build.0 = Release|Any CPU
		{9F1656AA-40C6-4996-AEAE-780E0BEE19A2}.Release|iPhoneSimulator.ActiveCfg = Release|Any CPU
		{9F1656AA-40C6-4996-AEAE-780E0BEE19A2}.Release|iPhoneSimulator.Build.0 = Release|Any CPU
		{9F1656AA-40C6-4996-AEAE-780E0BEE19A2}.Release|x86.ActiveCfg = Release|Any CPU
		{9F1656AA-40C6-4996-AEAE-780E0BEE19A2}.Release|x86.Build.0 = Release|Any CPU
		{FF31957D-CE68-4633-9683-4D285C12F3F1}.Ad-Hoc|Any CPU.ActiveCfg = Debug|Any CPU
		{FF31957D-CE68-4633-9683-4D285C12F3F1}.Ad-Hoc|Any CPU.Build.0 = Debug|Any CPU
		{FF31957D-CE68-4633-9683-4D285C12F3F1}.Ad-Hoc|ARM.ActiveCfg = Release|Any CPU
		{FF31957D-CE68-4633-9683-4D285C12F3F1}.Ad-Hoc|ARM.Build.0 = Release|Any CPU
		{FF31957D-CE68-4633-9683-4D285C12F3F1}.Ad-Hoc|iPhone.ActiveCfg = Release|Any CPU
		{FF31957D-CE68-4633-9683-4D285C12F3F1}.Ad-Hoc|iPhone.Build.0 = Release|Any CPU
		{FF31957D-CE68-4633-9683-4D285C12F3F1}.Ad-Hoc|iPhoneSimulator.ActiveCfg = Debug|Any CPU
		{FF31957D-CE68-4633-9683-4D285C12F3F1}.Ad-Hoc|iPhoneSimulator.Build.0 = Debug|Any CPU
		{FF31957D-CE68-4633-9683-4D285C12F3F1}.Ad-Hoc|x86.ActiveCfg = Release|Any CPU
		{FF31957D-CE68-4633-9683-4D285C12F3F1}.Ad-Hoc|x86.Build.0 = Release|Any CPU
		{FF31957D-CE68-4633-9683-4D285C12F3F1}.AppStore|Any CPU.ActiveCfg = Debug|Any CPU
		{FF31957D-CE68-4633-9683-4D285C12F3F1}.AppStore|Any CPU.Build.0 = Debug|Any CPU
		{FF31957D-CE68-4633-9683-4D285C12F3F1}.AppStore|ARM.ActiveCfg = Release|Any CPU
		{FF31957D-CE68-4633-9683-4D285C12F3F1}.AppStore|ARM.Build.0 = Release|Any CPU
		{FF31957D-CE68-4633-9683-4D285C12F3F1}.AppStore|iPhone.ActiveCfg = Debug|Any CPU
		{FF31957D-CE68-4633-9683-4D285C12F3F1}.AppStore|iPhone.Build.0 = Debug|Any CPU
		{FF31957D-CE68-4633-9683-4D285C12F3F1}.AppStore|iPhoneSimulator.ActiveCfg = Debug|Any CPU
		{FF31957D-CE68-4633-9683-4D285C12F3F1}.AppStore|iPhoneSimulator.Build.0 = Debug|Any CPU
		{FF31957D-CE68-4633-9683-4D285C12F3F1}.AppStore|x86.ActiveCfg = Release|Any CPU
		{FF31957D-CE68-4633-9683-4D285C12F3F1}.AppStore|x86.Build.0 = Release|Any CPU
		{FF31957D-CE68-4633-9683-4D285C12F3F1}.Debug|Any CPU.ActiveCfg = Debug|Any CPU
		{FF31957D-CE68-4633-9683-4D285C12F3F1}.Debug|Any CPU.Build.0 = Debug|Any CPU
		{FF31957D-CE68-4633-9683-4D285C12F3F1}.Debug|ARM.ActiveCfg = Debug|Any CPU
		{FF31957D-CE68-4633-9683-4D285C12F3F1}.Debug|ARM.Build.0 = Debug|Any CPU
		{FF31957D-CE68-4633-9683-4D285C12F3F1}.Debug|iPhone.ActiveCfg = Debug|Any CPU
		{FF31957D-CE68-4633-9683-4D285C12F3F1}.Debug|iPhone.Build.0 = Debug|Any CPU
		{FF31957D-CE68-4633-9683-4D285C12F3F1}.Debug|iPhoneSimulator.ActiveCfg = Debug|Any CPU
		{FF31957D-CE68-4633-9683-4D285C12F3F1}.Debug|iPhoneSimulator.Build.0 = Debug|Any CPU
		{FF31957D-CE68-4633-9683-4D285C12F3F1}.Debug|x86.ActiveCfg = Debug|Any CPU
		{FF31957D-CE68-4633-9683-4D285C12F3F1}.Debug|x86.Build.0 = Debug|Any CPU
		{FF31957D-CE68-4633-9683-4D285C12F3F1}.Release|Any CPU.ActiveCfg = Release|Any CPU
		{FF31957D-CE68-4633-9683-4D285C12F3F1}.Release|Any CPU.Build.0 = Release|Any CPU
		{FF31957D-CE68-4633-9683-4D285C12F3F1}.Release|ARM.ActiveCfg = Release|Any CPU
		{FF31957D-CE68-4633-9683-4D285C12F3F1}.Release|ARM.Build.0 = Release|Any CPU
		{FF31957D-CE68-4633-9683-4D285C12F3F1}.Release|iPhone.ActiveCfg = Release|Any CPU
		{FF31957D-CE68-4633-9683-4D285C12F3F1}.Release|iPhone.Build.0 = Release|Any CPU
		{FF31957D-CE68-4633-9683-4D285C12F3F1}.Release|iPhoneSimulator.ActiveCfg = Release|Any CPU
		{FF31957D-CE68-4633-9683-4D285C12F3F1}.Release|iPhoneSimulator.Build.0 = Release|Any CPU
		{FF31957D-CE68-4633-9683-4D285C12F3F1}.Release|x86.ActiveCfg = Release|Any CPU
		{FF31957D-CE68-4633-9683-4D285C12F3F1}.Release|x86.Build.0 = Release|Any CPU
		{35210740-7C04-4B7B-98A0-2322B9576434}.Ad-Hoc|Any CPU.ActiveCfg = Debug|Any CPU
		{35210740-7C04-4B7B-98A0-2322B9576434}.Ad-Hoc|Any CPU.Build.0 = Debug|Any CPU
		{35210740-7C04-4B7B-98A0-2322B9576434}.Ad-Hoc|ARM.ActiveCfg = Release|Any CPU
		{35210740-7C04-4B7B-98A0-2322B9576434}.Ad-Hoc|ARM.Build.0 = Release|Any CPU
		{35210740-7C04-4B7B-98A0-2322B9576434}.Ad-Hoc|iPhone.ActiveCfg = Release|Any CPU
		{35210740-7C04-4B7B-98A0-2322B9576434}.Ad-Hoc|iPhone.Build.0 = Release|Any CPU
		{35210740-7C04-4B7B-98A0-2322B9576434}.Ad-Hoc|iPhoneSimulator.ActiveCfg = Debug|Any CPU
		{35210740-7C04-4B7B-98A0-2322B9576434}.Ad-Hoc|iPhoneSimulator.Build.0 = Debug|Any CPU
		{35210740-7C04-4B7B-98A0-2322B9576434}.Ad-Hoc|x86.ActiveCfg = Release|Any CPU
		{35210740-7C04-4B7B-98A0-2322B9576434}.Ad-Hoc|x86.Build.0 = Release|Any CPU
		{35210740-7C04-4B7B-98A0-2322B9576434}.AppStore|Any CPU.ActiveCfg = Debug|Any CPU
		{35210740-7C04-4B7B-98A0-2322B9576434}.AppStore|Any CPU.Build.0 = Debug|Any CPU
		{35210740-7C04-4B7B-98A0-2322B9576434}.AppStore|ARM.ActiveCfg = Release|Any CPU
		{35210740-7C04-4B7B-98A0-2322B9576434}.AppStore|ARM.Build.0 = Release|Any CPU
		{35210740-7C04-4B7B-98A0-2322B9576434}.AppStore|iPhone.ActiveCfg = Debug|Any CPU
		{35210740-7C04-4B7B-98A0-2322B9576434}.AppStore|iPhone.Build.0 = Debug|Any CPU
		{35210740-7C04-4B7B-98A0-2322B9576434}.AppStore|iPhoneSimulator.ActiveCfg = Debug|Any CPU
		{35210740-7C04-4B7B-98A0-2322B9576434}.AppStore|iPhoneSimulator.Build.0 = Debug|Any CPU
		{35210740-7C04-4B7B-98A0-2322B9576434}.AppStore|x86.ActiveCfg = Release|Any CPU
		{35210740-7C04-4B7B-98A0-2322B9576434}.AppStore|x86.Build.0 = Release|Any CPU
		{35210740-7C04-4B7B-98A0-2322B9576434}.Debug|Any CPU.ActiveCfg = Debug|Any CPU
		{35210740-7C04-4B7B-98A0-2322B9576434}.Debug|Any CPU.Build.0 = Debug|Any CPU
		{35210740-7C04-4B7B-98A0-2322B9576434}.Debug|ARM.ActiveCfg = Debug|Any CPU
		{35210740-7C04-4B7B-98A0-2322B9576434}.Debug|ARM.Build.0 = Debug|Any CPU
		{35210740-7C04-4B7B-98A0-2322B9576434}.Debug|iPhone.ActiveCfg = Debug|Any CPU
		{35210740-7C04-4B7B-98A0-2322B9576434}.Debug|iPhone.Build.0 = Debug|Any CPU
		{35210740-7C04-4B7B-98A0-2322B9576434}.Debug|iPhoneSimulator.ActiveCfg = Debug|Any CPU
		{35210740-7C04-4B7B-98A0-2322B9576434}.Debug|iPhoneSimulator.Build.0 = Debug|Any CPU
		{35210740-7C04-4B7B-98A0-2322B9576434}.Debug|x86.ActiveCfg = Debug|Any CPU
		{35210740-7C04-4B7B-98A0-2322B9576434}.Debug|x86.Build.0 = Debug|Any CPU
		{35210740-7C04-4B7B-98A0-2322B9576434}.Release|Any CPU.ActiveCfg = Release|Any CPU
		{35210740-7C04-4B7B-98A0-2322B9576434}.Release|Any CPU.Build.0 = Release|Any CPU
		{35210740-7C04-4B7B-98A0-2322B9576434}.Release|ARM.ActiveCfg = Release|Any CPU
		{35210740-7C04-4B7B-98A0-2322B9576434}.Release|ARM.Build.0 = Release|Any CPU
		{35210740-7C04-4B7B-98A0-2322B9576434}.Release|iPhone.ActiveCfg = Release|Any CPU
		{35210740-7C04-4B7B-98A0-2322B9576434}.Release|iPhone.Build.0 = Release|Any CPU
		{35210740-7C04-4B7B-98A0-2322B9576434}.Release|iPhoneSimulator.ActiveCfg = Release|Any CPU
		{35210740-7C04-4B7B-98A0-2322B9576434}.Release|iPhoneSimulator.Build.0 = Release|Any CPU
		{35210740-7C04-4B7B-98A0-2322B9576434}.Release|x86.ActiveCfg = Release|Any CPU
		{35210740-7C04-4B7B-98A0-2322B9576434}.Release|x86.Build.0 = Release|Any CPU
		{9BA1959E-4C76-42F6-A2F5-AC6E0C6CCF61}.Ad-Hoc|Any CPU.ActiveCfg = Debug|Any CPU
		{9BA1959E-4C76-42F6-A2F5-AC6E0C6CCF61}.Ad-Hoc|Any CPU.Build.0 = Debug|Any CPU
		{9BA1959E-4C76-42F6-A2F5-AC6E0C6CCF61}.Ad-Hoc|ARM.ActiveCfg = Release|Any CPU
		{9BA1959E-4C76-42F6-A2F5-AC6E0C6CCF61}.Ad-Hoc|ARM.Build.0 = Release|Any CPU
		{9BA1959E-4C76-42F6-A2F5-AC6E0C6CCF61}.Ad-Hoc|iPhone.ActiveCfg = Release|Any CPU
		{9BA1959E-4C76-42F6-A2F5-AC6E0C6CCF61}.Ad-Hoc|iPhone.Build.0 = Release|Any CPU
		{9BA1959E-4C76-42F6-A2F5-AC6E0C6CCF61}.Ad-Hoc|iPhoneSimulator.ActiveCfg = Debug|Any CPU
		{9BA1959E-4C76-42F6-A2F5-AC6E0C6CCF61}.Ad-Hoc|iPhoneSimulator.Build.0 = Debug|Any CPU
		{9BA1959E-4C76-42F6-A2F5-AC6E0C6CCF61}.Ad-Hoc|x86.ActiveCfg = Release|Any CPU
		{9BA1959E-4C76-42F6-A2F5-AC6E0C6CCF61}.Ad-Hoc|x86.Build.0 = Release|Any CPU
		{9BA1959E-4C76-42F6-A2F5-AC6E0C6CCF61}.AppStore|Any CPU.ActiveCfg = Debug|Any CPU
		{9BA1959E-4C76-42F6-A2F5-AC6E0C6CCF61}.AppStore|Any CPU.Build.0 = Debug|Any CPU
		{9BA1959E-4C76-42F6-A2F5-AC6E0C6CCF61}.AppStore|ARM.ActiveCfg = Release|Any CPU
		{9BA1959E-4C76-42F6-A2F5-AC6E0C6CCF61}.AppStore|ARM.Build.0 = Release|Any CPU
		{9BA1959E-4C76-42F6-A2F5-AC6E0C6CCF61}.AppStore|iPhone.ActiveCfg = Debug|Any CPU
		{9BA1959E-4C76-42F6-A2F5-AC6E0C6CCF61}.AppStore|iPhone.Build.0 = Debug|Any CPU
		{9BA1959E-4C76-42F6-A2F5-AC6E0C6CCF61}.AppStore|iPhoneSimulator.ActiveCfg = Debug|Any CPU
		{9BA1959E-4C76-42F6-A2F5-AC6E0C6CCF61}.AppStore|iPhoneSimulator.Build.0 = Debug|Any CPU
		{9BA1959E-4C76-42F6-A2F5-AC6E0C6CCF61}.AppStore|x86.ActiveCfg = Release|Any CPU
		{9BA1959E-4C76-42F6-A2F5-AC6E0C6CCF61}.AppStore|x86.Build.0 = Release|Any CPU
		{9BA1959E-4C76-42F6-A2F5-AC6E0C6CCF61}.Debug|Any CPU.ActiveCfg = Debug|Any CPU
		{9BA1959E-4C76-42F6-A2F5-AC6E0C6CCF61}.Debug|Any CPU.Build.0 = Debug|Any CPU
		{9BA1959E-4C76-42F6-A2F5-AC6E0C6CCF61}.Debug|ARM.ActiveCfg = Debug|Any CPU
		{9BA1959E-4C76-42F6-A2F5-AC6E0C6CCF61}.Debug|ARM.Build.0 = Debug|Any CPU
		{9BA1959E-4C76-42F6-A2F5-AC6E0C6CCF61}.Debug|iPhone.ActiveCfg = Debug|Any CPU
		{9BA1959E-4C76-42F6-A2F5-AC6E0C6CCF61}.Debug|iPhone.Build.0 = Debug|Any CPU
		{9BA1959E-4C76-42F6-A2F5-AC6E0C6CCF61}.Debug|iPhoneSimulator.ActiveCfg = Debug|Any CPU
		{9BA1959E-4C76-42F6-A2F5-AC6E0C6CCF61}.Debug|iPhoneSimulator.Build.0 = Debug|Any CPU
		{9BA1959E-4C76-42F6-A2F5-AC6E0C6CCF61}.Debug|x86.ActiveCfg = Debug|Any CPU
		{9BA1959E-4C76-42F6-A2F5-AC6E0C6CCF61}.Debug|x86.Build.0 = Debug|Any CPU
		{9BA1959E-4C76-42F6-A2F5-AC6E0C6CCF61}.Release|Any CPU.ActiveCfg = Release|Any CPU
		{9BA1959E-4C76-42F6-A2F5-AC6E0C6CCF61}.Release|Any CPU.Build.0 = Release|Any CPU
		{9BA1959E-4C76-42F6-A2F5-AC6E0C6CCF61}.Release|ARM.ActiveCfg = Release|Any CPU
		{9BA1959E-4C76-42F6-A2F5-AC6E0C6CCF61}.Release|ARM.Build.0 = Release|Any CPU
		{9BA1959E-4C76-42F6-A2F5-AC6E0C6CCF61}.Release|iPhone.ActiveCfg = Release|Any CPU
		{9BA1959E-4C76-42F6-A2F5-AC6E0C6CCF61}.Release|iPhone.Build.0 = Release|Any CPU
		{9BA1959E-4C76-42F6-A2F5-AC6E0C6CCF61}.Release|iPhoneSimulator.ActiveCfg = Release|Any CPU
		{9BA1959E-4C76-42F6-A2F5-AC6E0C6CCF61}.Release|iPhoneSimulator.Build.0 = Release|Any CPU
		{9BA1959E-4C76-42F6-A2F5-AC6E0C6CCF61}.Release|x86.ActiveCfg = Release|Any CPU
		{9BA1959E-4C76-42F6-A2F5-AC6E0C6CCF61}.Release|x86.Build.0 = Release|Any CPU
		{74685F96-6BFE-403C-B046-CDE90E52DA70}.Ad-Hoc|Any CPU.ActiveCfg = Debug|Any CPU
		{74685F96-6BFE-403C-B046-CDE90E52DA70}.Ad-Hoc|Any CPU.Build.0 = Debug|Any CPU
		{74685F96-6BFE-403C-B046-CDE90E52DA70}.Ad-Hoc|ARM.ActiveCfg = Release|Any CPU
		{74685F96-6BFE-403C-B046-CDE90E52DA70}.Ad-Hoc|ARM.Build.0 = Release|Any CPU
		{74685F96-6BFE-403C-B046-CDE90E52DA70}.Ad-Hoc|iPhone.ActiveCfg = Release|Any CPU
		{74685F96-6BFE-403C-B046-CDE90E52DA70}.Ad-Hoc|iPhone.Build.0 = Release|Any CPU
		{74685F96-6BFE-403C-B046-CDE90E52DA70}.Ad-Hoc|iPhoneSimulator.ActiveCfg = Debug|Any CPU
		{74685F96-6BFE-403C-B046-CDE90E52DA70}.Ad-Hoc|iPhoneSimulator.Build.0 = Debug|Any CPU
		{74685F96-6BFE-403C-B046-CDE90E52DA70}.Ad-Hoc|x86.ActiveCfg = Release|Any CPU
		{74685F96-6BFE-403C-B046-CDE90E52DA70}.Ad-Hoc|x86.Build.0 = Release|Any CPU
		{74685F96-6BFE-403C-B046-CDE90E52DA70}.AppStore|Any CPU.ActiveCfg = Debug|Any CPU
		{74685F96-6BFE-403C-B046-CDE90E52DA70}.AppStore|Any CPU.Build.0 = Debug|Any CPU
		{74685F96-6BFE-403C-B046-CDE90E52DA70}.AppStore|ARM.ActiveCfg = Release|Any CPU
		{74685F96-6BFE-403C-B046-CDE90E52DA70}.AppStore|ARM.Build.0 = Release|Any CPU
		{74685F96-6BFE-403C-B046-CDE90E52DA70}.AppStore|iPhone.ActiveCfg = Debug|Any CPU
		{74685F96-6BFE-403C-B046-CDE90E52DA70}.AppStore|iPhone.Build.0 = Debug|Any CPU
		{74685F96-6BFE-403C-B046-CDE90E52DA70}.AppStore|iPhoneSimulator.ActiveCfg = Debug|Any CPU
		{74685F96-6BFE-403C-B046-CDE90E52DA70}.AppStore|iPhoneSimulator.Build.0 = Debug|Any CPU
		{74685F96-6BFE-403C-B046-CDE90E52DA70}.AppStore|x86.ActiveCfg = Release|Any CPU
		{74685F96-6BFE-403C-B046-CDE90E52DA70}.AppStore|x86.Build.0 = Release|Any CPU
		{74685F96-6BFE-403C-B046-CDE90E52DA70}.Debug|Any CPU.ActiveCfg = Debug|Any CPU
		{74685F96-6BFE-403C-B046-CDE90E52DA70}.Debug|Any CPU.Build.0 = Debug|Any CPU
		{74685F96-6BFE-403C-B046-CDE90E52DA70}.Debug|ARM.ActiveCfg = Debug|Any CPU
		{74685F96-6BFE-403C-B046-CDE90E52DA70}.Debug|ARM.Build.0 = Debug|Any CPU
		{74685F96-6BFE-403C-B046-CDE90E52DA70}.Debug|iPhone.ActiveCfg = Debug|Any CPU
		{74685F96-6BFE-403C-B046-CDE90E52DA70}.Debug|iPhone.Build.0 = Debug|Any CPU
		{74685F96-6BFE-403C-B046-CDE90E52DA70}.Debug|iPhoneSimulator.ActiveCfg = Debug|Any CPU
		{74685F96-6BFE-403C-B046-CDE90E52DA70}.Debug|iPhoneSimulator.Build.0 = Debug|Any CPU
		{74685F96-6BFE-403C-B046-CDE90E52DA70}.Debug|x86.ActiveCfg = Debug|Any CPU
		{74685F96-6BFE-403C-B046-CDE90E52DA70}.Debug|x86.Build.0 = Debug|Any CPU
		{74685F96-6BFE-403C-B046-CDE90E52DA70}.Release|Any CPU.ActiveCfg = Release|Any CPU
		{74685F96-6BFE-403C-B046-CDE90E52DA70}.Release|Any CPU.Build.0 = Release|Any CPU
		{74685F96-6BFE-403C-B046-CDE90E52DA70}.Release|ARM.ActiveCfg = Release|Any CPU
		{74685F96-6BFE-403C-B046-CDE90E52DA70}.Release|ARM.Build.0 = Release|Any CPU
		{74685F96-6BFE-403C-B046-CDE90E52DA70}.Release|iPhone.ActiveCfg = Release|Any CPU
		{74685F96-6BFE-403C-B046-CDE90E52DA70}.Release|iPhone.Build.0 = Release|Any CPU
		{74685F96-6BFE-403C-B046-CDE90E52DA70}.Release|iPhoneSimulator.ActiveCfg = Release|Any CPU
		{74685F96-6BFE-403C-B046-CDE90E52DA70}.Release|iPhoneSimulator.Build.0 = Release|Any CPU
		{74685F96-6BFE-403C-B046-CDE90E52DA70}.Release|x86.ActiveCfg = Release|Any CPU
		{74685F96-6BFE-403C-B046-CDE90E52DA70}.Release|x86.Build.0 = Release|Any CPU
		{FCB4C356-C2D8-4C9B-BDAC-D802EC2CA0FE}.Ad-Hoc|Any CPU.ActiveCfg = Debug|Any CPU
		{FCB4C356-C2D8-4C9B-BDAC-D802EC2CA0FE}.Ad-Hoc|Any CPU.Build.0 = Debug|Any CPU
		{FCB4C356-C2D8-4C9B-BDAC-D802EC2CA0FE}.Ad-Hoc|ARM.ActiveCfg = Release|Any CPU
		{FCB4C356-C2D8-4C9B-BDAC-D802EC2CA0FE}.Ad-Hoc|ARM.Build.0 = Release|Any CPU
		{FCB4C356-C2D8-4C9B-BDAC-D802EC2CA0FE}.Ad-Hoc|iPhone.ActiveCfg = Release|Any CPU
		{FCB4C356-C2D8-4C9B-BDAC-D802EC2CA0FE}.Ad-Hoc|iPhone.Build.0 = Release|Any CPU
		{FCB4C356-C2D8-4C9B-BDAC-D802EC2CA0FE}.Ad-Hoc|iPhoneSimulator.ActiveCfg = Debug|Any CPU
		{FCB4C356-C2D8-4C9B-BDAC-D802EC2CA0FE}.Ad-Hoc|iPhoneSimulator.Build.0 = Debug|Any CPU
		{FCB4C356-C2D8-4C9B-BDAC-D802EC2CA0FE}.Ad-Hoc|x86.ActiveCfg = Release|Any CPU
		{FCB4C356-C2D8-4C9B-BDAC-D802EC2CA0FE}.Ad-Hoc|x86.Build.0 = Release|Any CPU
		{FCB4C356-C2D8-4C9B-BDAC-D802EC2CA0FE}.AppStore|Any CPU.ActiveCfg = Debug|Any CPU
		{FCB4C356-C2D8-4C9B-BDAC-D802EC2CA0FE}.AppStore|Any CPU.Build.0 = Debug|Any CPU
		{FCB4C356-C2D8-4C9B-BDAC-D802EC2CA0FE}.AppStore|ARM.ActiveCfg = Release|Any CPU
		{FCB4C356-C2D8-4C9B-BDAC-D802EC2CA0FE}.AppStore|ARM.Build.0 = Release|Any CPU
		{FCB4C356-C2D8-4C9B-BDAC-D802EC2CA0FE}.AppStore|iPhone.ActiveCfg = Debug|Any CPU
		{FCB4C356-C2D8-4C9B-BDAC-D802EC2CA0FE}.AppStore|iPhone.Build.0 = Debug|Any CPU
		{FCB4C356-C2D8-4C9B-BDAC-D802EC2CA0FE}.AppStore|iPhoneSimulator.ActiveCfg = Debug|Any CPU
		{FCB4C356-C2D8-4C9B-BDAC-D802EC2CA0FE}.AppStore|iPhoneSimulator.Build.0 = Debug|Any CPU
		{FCB4C356-C2D8-4C9B-BDAC-D802EC2CA0FE}.AppStore|x86.ActiveCfg = Release|Any CPU
		{FCB4C356-C2D8-4C9B-BDAC-D802EC2CA0FE}.AppStore|x86.Build.0 = Release|Any CPU
		{FCB4C356-C2D8-4C9B-BDAC-D802EC2CA0FE}.Debug|Any CPU.ActiveCfg = Debug|Any CPU
		{FCB4C356-C2D8-4C9B-BDAC-D802EC2CA0FE}.Debug|Any CPU.Build.0 = Debug|Any CPU
		{FCB4C356-C2D8-4C9B-BDAC-D802EC2CA0FE}.Debug|ARM.ActiveCfg = Debug|Any CPU
		{FCB4C356-C2D8-4C9B-BDAC-D802EC2CA0FE}.Debug|ARM.Build.0 = Debug|Any CPU
		{FCB4C356-C2D8-4C9B-BDAC-D802EC2CA0FE}.Debug|iPhone.ActiveCfg = Debug|Any CPU
		{FCB4C356-C2D8-4C9B-BDAC-D802EC2CA0FE}.Debug|iPhone.Build.0 = Debug|Any CPU
		{FCB4C356-C2D8-4C9B-BDAC-D802EC2CA0FE}.Debug|iPhoneSimulator.ActiveCfg = Debug|Any CPU
		{FCB4C356-C2D8-4C9B-BDAC-D802EC2CA0FE}.Debug|iPhoneSimulator.Build.0 = Debug|Any CPU
		{FCB4C356-C2D8-4C9B-BDAC-D802EC2CA0FE}.Debug|x86.ActiveCfg = Debug|Any CPU
		{FCB4C356-C2D8-4C9B-BDAC-D802EC2CA0FE}.Debug|x86.Build.0 = Debug|Any CPU
		{FCB4C356-C2D8-4C9B-BDAC-D802EC2CA0FE}.Release|Any CPU.ActiveCfg = Release|Any CPU
		{FCB4C356-C2D8-4C9B-BDAC-D802EC2CA0FE}.Release|Any CPU.Build.0 = Release|Any CPU
		{FCB4C356-C2D8-4C9B-BDAC-D802EC2CA0FE}.Release|ARM.ActiveCfg = Release|Any CPU
		{FCB4C356-C2D8-4C9B-BDAC-D802EC2CA0FE}.Release|ARM.Build.0 = Release|Any CPU
		{FCB4C356-C2D8-4C9B-BDAC-D802EC2CA0FE}.Release|iPhone.ActiveCfg = Release|Any CPU
		{FCB4C356-C2D8-4C9B-BDAC-D802EC2CA0FE}.Release|iPhone.Build.0 = Release|Any CPU
		{FCB4C356-C2D8-4C9B-BDAC-D802EC2CA0FE}.Release|iPhoneSimulator.ActiveCfg = Release|Any CPU
		{FCB4C356-C2D8-4C9B-BDAC-D802EC2CA0FE}.Release|iPhoneSimulator.Build.0 = Release|Any CPU
		{FCB4C356-C2D8-4C9B-BDAC-D802EC2CA0FE}.Release|x86.ActiveCfg = Release|Any CPU
		{FCB4C356-C2D8-4C9B-BDAC-D802EC2CA0FE}.Release|x86.Build.0 = Release|Any CPU
		{AF44D9D3-8BF2-4B77-8AE4-D55B44BE7B88}.Ad-Hoc|Any CPU.ActiveCfg = Debug|Any CPU
		{AF44D9D3-8BF2-4B77-8AE4-D55B44BE7B88}.Ad-Hoc|Any CPU.Build.0 = Debug|Any CPU
		{AF44D9D3-8BF2-4B77-8AE4-D55B44BE7B88}.Ad-Hoc|ARM.ActiveCfg = Release|Any CPU
		{AF44D9D3-8BF2-4B77-8AE4-D55B44BE7B88}.Ad-Hoc|ARM.Build.0 = Release|Any CPU
		{AF44D9D3-8BF2-4B77-8AE4-D55B44BE7B88}.Ad-Hoc|iPhone.ActiveCfg = Release|Any CPU
		{AF44D9D3-8BF2-4B77-8AE4-D55B44BE7B88}.Ad-Hoc|iPhoneSimulator.ActiveCfg = Debug|Any CPU
		{AF44D9D3-8BF2-4B77-8AE4-D55B44BE7B88}.Ad-Hoc|iPhoneSimulator.Build.0 = Debug|Any CPU
		{AF44D9D3-8BF2-4B77-8AE4-D55B44BE7B88}.Ad-Hoc|x86.ActiveCfg = Release|Any CPU
		{AF44D9D3-8BF2-4B77-8AE4-D55B44BE7B88}.Ad-Hoc|x86.Build.0 = Release|Any CPU
		{AF44D9D3-8BF2-4B77-8AE4-D55B44BE7B88}.AppStore|Any CPU.ActiveCfg = Debug|Any CPU
		{AF44D9D3-8BF2-4B77-8AE4-D55B44BE7B88}.AppStore|Any CPU.Build.0 = Debug|Any CPU
		{AF44D9D3-8BF2-4B77-8AE4-D55B44BE7B88}.AppStore|ARM.ActiveCfg = Release|Any CPU
		{AF44D9D3-8BF2-4B77-8AE4-D55B44BE7B88}.AppStore|ARM.Build.0 = Release|Any CPU
		{AF44D9D3-8BF2-4B77-8AE4-D55B44BE7B88}.AppStore|iPhone.ActiveCfg = Debug|Any CPU
		{AF44D9D3-8BF2-4B77-8AE4-D55B44BE7B88}.AppStore|iPhone.Build.0 = Debug|Any CPU
		{AF44D9D3-8BF2-4B77-8AE4-D55B44BE7B88}.AppStore|iPhoneSimulator.ActiveCfg = Debug|Any CPU
		{AF44D9D3-8BF2-4B77-8AE4-D55B44BE7B88}.AppStore|iPhoneSimulator.Build.0 = Debug|Any CPU
		{AF44D9D3-8BF2-4B77-8AE4-D55B44BE7B88}.AppStore|x86.ActiveCfg = Release|Any CPU
		{AF44D9D3-8BF2-4B77-8AE4-D55B44BE7B88}.AppStore|x86.Build.0 = Release|Any CPU
		{AF44D9D3-8BF2-4B77-8AE4-D55B44BE7B88}.Debug|Any CPU.ActiveCfg = Debug|Any CPU
		{AF44D9D3-8BF2-4B77-8AE4-D55B44BE7B88}.Debug|Any CPU.Build.0 = Debug|Any CPU
		{AF44D9D3-8BF2-4B77-8AE4-D55B44BE7B88}.Debug|ARM.ActiveCfg = Debug|Any CPU
		{AF44D9D3-8BF2-4B77-8AE4-D55B44BE7B88}.Debug|ARM.Build.0 = Debug|Any CPU
		{AF44D9D3-8BF2-4B77-8AE4-D55B44BE7B88}.Debug|iPhone.ActiveCfg = Debug|Any CPU
		{AF44D9D3-8BF2-4B77-8AE4-D55B44BE7B88}.Debug|iPhone.Build.0 = Debug|Any CPU
		{AF44D9D3-8BF2-4B77-8AE4-D55B44BE7B88}.Debug|iPhoneSimulator.ActiveCfg = Debug|Any CPU
		{AF44D9D3-8BF2-4B77-8AE4-D55B44BE7B88}.Debug|iPhoneSimulator.Build.0 = Debug|Any CPU
		{AF44D9D3-8BF2-4B77-8AE4-D55B44BE7B88}.Debug|x86.ActiveCfg = Debug|Any CPU
		{AF44D9D3-8BF2-4B77-8AE4-D55B44BE7B88}.Debug|x86.Build.0 = Debug|Any CPU
		{AF44D9D3-8BF2-4B77-8AE4-D55B44BE7B88}.Release|Any CPU.ActiveCfg = Release|Any CPU
		{AF44D9D3-8BF2-4B77-8AE4-D55B44BE7B88}.Release|Any CPU.Build.0 = Release|Any CPU
		{AF44D9D3-8BF2-4B77-8AE4-D55B44BE7B88}.Release|ARM.ActiveCfg = Release|Any CPU
		{AF44D9D3-8BF2-4B77-8AE4-D55B44BE7B88}.Release|ARM.Build.0 = Release|Any CPU
		{AF44D9D3-8BF2-4B77-8AE4-D55B44BE7B88}.Release|iPhone.ActiveCfg = Release|Any CPU
		{AF44D9D3-8BF2-4B77-8AE4-D55B44BE7B88}.Release|iPhone.Build.0 = Release|Any CPU
		{AF44D9D3-8BF2-4B77-8AE4-D55B44BE7B88}.Release|iPhoneSimulator.ActiveCfg = Release|Any CPU
		{AF44D9D3-8BF2-4B77-8AE4-D55B44BE7B88}.Release|iPhoneSimulator.Build.0 = Release|Any CPU
		{AF44D9D3-8BF2-4B77-8AE4-D55B44BE7B88}.Release|x86.ActiveCfg = Release|Any CPU
		{AF44D9D3-8BF2-4B77-8AE4-D55B44BE7B88}.Release|x86.Build.0 = Release|Any CPU
		{6FD34322-75F5-41F2-A470-A35B852755BB}.Ad-Hoc|Any CPU.ActiveCfg = Ad-Hoc|iPhone
		{6FD34322-75F5-41F2-A470-A35B852755BB}.Ad-Hoc|ARM.ActiveCfg = Ad-Hoc|iPhoneSimulator
		{6FD34322-75F5-41F2-A470-A35B852755BB}.Ad-Hoc|iPhone.ActiveCfg = Ad-Hoc|iPhone
		{6FD34322-75F5-41F2-A470-A35B852755BB}.Ad-Hoc|iPhone.Build.0 = Ad-Hoc|iPhone
		{6FD34322-75F5-41F2-A470-A35B852755BB}.Ad-Hoc|iPhoneSimulator.ActiveCfg = Ad-Hoc|iPhoneSimulator
		{6FD34322-75F5-41F2-A470-A35B852755BB}.Ad-Hoc|iPhoneSimulator.Build.0 = Ad-Hoc|iPhoneSimulator
		{6FD34322-75F5-41F2-A470-A35B852755BB}.Ad-Hoc|x86.ActiveCfg = Ad-Hoc|iPhoneSimulator
		{6FD34322-75F5-41F2-A470-A35B852755BB}.AppStore|Any CPU.ActiveCfg = AppStore|iPhone
		{6FD34322-75F5-41F2-A470-A35B852755BB}.AppStore|ARM.ActiveCfg = AppStore|iPhoneSimulator
		{6FD34322-75F5-41F2-A470-A35B852755BB}.AppStore|iPhone.ActiveCfg = AppStore|iPhone
		{6FD34322-75F5-41F2-A470-A35B852755BB}.AppStore|iPhone.Build.0 = AppStore|iPhone
		{6FD34322-75F5-41F2-A470-A35B852755BB}.AppStore|iPhoneSimulator.ActiveCfg = AppStore|iPhoneSimulator
		{6FD34322-75F5-41F2-A470-A35B852755BB}.AppStore|iPhoneSimulator.Build.0 = AppStore|iPhoneSimulator
		{6FD34322-75F5-41F2-A470-A35B852755BB}.AppStore|x86.ActiveCfg = AppStore|iPhoneSimulator
		{6FD34322-75F5-41F2-A470-A35B852755BB}.Debug|Any CPU.ActiveCfg = Debug|iPhone
		{6FD34322-75F5-41F2-A470-A35B852755BB}.Debug|ARM.ActiveCfg = Debug|iPhoneSimulator
		{6FD34322-75F5-41F2-A470-A35B852755BB}.Debug|iPhone.ActiveCfg = Debug|iPhone
		{6FD34322-75F5-41F2-A470-A35B852755BB}.Debug|iPhone.Build.0 = Debug|iPhone
		{6FD34322-75F5-41F2-A470-A35B852755BB}.Debug|iPhoneSimulator.ActiveCfg = Debug|iPhoneSimulator
		{6FD34322-75F5-41F2-A470-A35B852755BB}.Debug|iPhoneSimulator.Build.0 = Debug|iPhoneSimulator
		{6FD34322-75F5-41F2-A470-A35B852755BB}.Debug|x86.ActiveCfg = Debug|iPhoneSimulator
		{6FD34322-75F5-41F2-A470-A35B852755BB}.Release|Any CPU.ActiveCfg = Release|iPhone
		{6FD34322-75F5-41F2-A470-A35B852755BB}.Release|ARM.ActiveCfg = Release|iPhoneSimulator
		{6FD34322-75F5-41F2-A470-A35B852755BB}.Release|iPhone.ActiveCfg = Release|iPhone
		{6FD34322-75F5-41F2-A470-A35B852755BB}.Release|iPhone.Build.0 = Release|iPhone
		{6FD34322-75F5-41F2-A470-A35B852755BB}.Release|iPhoneSimulator.ActiveCfg = Release|iPhoneSimulator
		{6FD34322-75F5-41F2-A470-A35B852755BB}.Release|iPhoneSimulator.Build.0 = Release|iPhoneSimulator
		{6FD34322-75F5-41F2-A470-A35B852755BB}.Release|x86.ActiveCfg = Release|iPhoneSimulator
		{090950C0-0A74-48EB-9F2F-57F244451A1D}.Ad-Hoc|Any CPU.ActiveCfg = Release|Any CPU
		{090950C0-0A74-48EB-9F2F-57F244451A1D}.Ad-Hoc|Any CPU.Build.0 = Release|Any CPU
		{090950C0-0A74-48EB-9F2F-57F244451A1D}.Ad-Hoc|ARM.ActiveCfg = Release|Any CPU
		{090950C0-0A74-48EB-9F2F-57F244451A1D}.Ad-Hoc|ARM.Build.0 = Release|Any CPU
		{090950C0-0A74-48EB-9F2F-57F244451A1D}.Ad-Hoc|iPhone.ActiveCfg = Release|Any CPU
		{090950C0-0A74-48EB-9F2F-57F244451A1D}.Ad-Hoc|iPhone.Build.0 = Release|Any CPU
		{090950C0-0A74-48EB-9F2F-57F244451A1D}.Ad-Hoc|iPhoneSimulator.ActiveCfg = Release|Any CPU
		{090950C0-0A74-48EB-9F2F-57F244451A1D}.Ad-Hoc|iPhoneSimulator.Build.0 = Release|Any CPU
		{090950C0-0A74-48EB-9F2F-57F244451A1D}.Ad-Hoc|x86.ActiveCfg = Release|Any CPU
		{090950C0-0A74-48EB-9F2F-57F244451A1D}.Ad-Hoc|x86.Build.0 = Release|Any CPU
		{090950C0-0A74-48EB-9F2F-57F244451A1D}.AppStore|Any CPU.ActiveCfg = Release|Any CPU
		{090950C0-0A74-48EB-9F2F-57F244451A1D}.AppStore|Any CPU.Build.0 = Release|Any CPU
		{090950C0-0A74-48EB-9F2F-57F244451A1D}.AppStore|ARM.ActiveCfg = Release|Any CPU
		{090950C0-0A74-48EB-9F2F-57F244451A1D}.AppStore|ARM.Build.0 = Release|Any CPU
		{090950C0-0A74-48EB-9F2F-57F244451A1D}.AppStore|iPhone.ActiveCfg = Release|Any CPU
		{090950C0-0A74-48EB-9F2F-57F244451A1D}.AppStore|iPhone.Build.0 = Release|Any CPU
		{090950C0-0A74-48EB-9F2F-57F244451A1D}.AppStore|iPhoneSimulator.ActiveCfg = Release|Any CPU
		{090950C0-0A74-48EB-9F2F-57F244451A1D}.AppStore|iPhoneSimulator.Build.0 = Release|Any CPU
		{090950C0-0A74-48EB-9F2F-57F244451A1D}.AppStore|x86.ActiveCfg = Release|Any CPU
		{090950C0-0A74-48EB-9F2F-57F244451A1D}.AppStore|x86.Build.0 = Release|Any CPU
		{090950C0-0A74-48EB-9F2F-57F244451A1D}.Debug|Any CPU.ActiveCfg = Debug|Any CPU
		{090950C0-0A74-48EB-9F2F-57F244451A1D}.Debug|Any CPU.Build.0 = Debug|Any CPU
		{090950C0-0A74-48EB-9F2F-57F244451A1D}.Debug|ARM.ActiveCfg = Debug|Any CPU
		{090950C0-0A74-48EB-9F2F-57F244451A1D}.Debug|ARM.Build.0 = Debug|Any CPU
		{090950C0-0A74-48EB-9F2F-57F244451A1D}.Debug|iPhone.ActiveCfg = Debug|Any CPU
		{090950C0-0A74-48EB-9F2F-57F244451A1D}.Debug|iPhone.Build.0 = Debug|Any CPU
		{090950C0-0A74-48EB-9F2F-57F244451A1D}.Debug|iPhoneSimulator.ActiveCfg = Debug|Any CPU
		{090950C0-0A74-48EB-9F2F-57F244451A1D}.Debug|iPhoneSimulator.Build.0 = Debug|Any CPU
		{090950C0-0A74-48EB-9F2F-57F244451A1D}.Debug|x86.ActiveCfg = Debug|Any CPU
		{090950C0-0A74-48EB-9F2F-57F244451A1D}.Debug|x86.Build.0 = Debug|Any CPU
		{090950C0-0A74-48EB-9F2F-57F244451A1D}.Release|Any CPU.ActiveCfg = Release|Any CPU
		{090950C0-0A74-48EB-9F2F-57F244451A1D}.Release|Any CPU.Build.0 = Release|Any CPU
		{090950C0-0A74-48EB-9F2F-57F244451A1D}.Release|ARM.ActiveCfg = Release|Any CPU
		{090950C0-0A74-48EB-9F2F-57F244451A1D}.Release|ARM.Build.0 = Release|Any CPU
		{090950C0-0A74-48EB-9F2F-57F244451A1D}.Release|iPhone.ActiveCfg = Release|Any CPU
		{090950C0-0A74-48EB-9F2F-57F244451A1D}.Release|iPhone.Build.0 = Release|Any CPU
		{090950C0-0A74-48EB-9F2F-57F244451A1D}.Release|iPhoneSimulator.ActiveCfg = Release|Any CPU
		{090950C0-0A74-48EB-9F2F-57F244451A1D}.Release|iPhoneSimulator.Build.0 = Release|Any CPU
		{090950C0-0A74-48EB-9F2F-57F244451A1D}.Release|x86.ActiveCfg = Release|Any CPU
		{090950C0-0A74-48EB-9F2F-57F244451A1D}.Release|x86.Build.0 = Release|Any CPU
		{3F049562-6134-4622-9B22-0FCB1390FCEB}.Ad-Hoc|Any CPU.ActiveCfg = Ad-Hoc|iPhone
		{3F049562-6134-4622-9B22-0FCB1390FCEB}.Ad-Hoc|ARM.ActiveCfg = Ad-Hoc|iPhone
		{3F049562-6134-4622-9B22-0FCB1390FCEB}.Ad-Hoc|iPhone.ActiveCfg = Ad-Hoc|iPhone
		{3F049562-6134-4622-9B22-0FCB1390FCEB}.Ad-Hoc|iPhone.Build.0 = Ad-Hoc|iPhone
		{3F049562-6134-4622-9B22-0FCB1390FCEB}.Ad-Hoc|iPhoneSimulator.ActiveCfg = Ad-Hoc|iPhoneSimulator
		{3F049562-6134-4622-9B22-0FCB1390FCEB}.Ad-Hoc|iPhoneSimulator.Build.0 = Ad-Hoc|iPhoneSimulator
		{3F049562-6134-4622-9B22-0FCB1390FCEB}.Ad-Hoc|x86.ActiveCfg = Ad-Hoc|iPhone
		{3F049562-6134-4622-9B22-0FCB1390FCEB}.AppStore|Any CPU.ActiveCfg = AppStore|iPhone
		{3F049562-6134-4622-9B22-0FCB1390FCEB}.AppStore|ARM.ActiveCfg = AppStore|iPhone
		{3F049562-6134-4622-9B22-0FCB1390FCEB}.AppStore|iPhone.ActiveCfg = AppStore|iPhone
		{3F049562-6134-4622-9B22-0FCB1390FCEB}.AppStore|iPhone.Build.0 = AppStore|iPhone
		{3F049562-6134-4622-9B22-0FCB1390FCEB}.AppStore|iPhoneSimulator.ActiveCfg = AppStore|iPhoneSimulator
		{3F049562-6134-4622-9B22-0FCB1390FCEB}.AppStore|iPhoneSimulator.Build.0 = AppStore|iPhoneSimulator
		{3F049562-6134-4622-9B22-0FCB1390FCEB}.AppStore|x86.ActiveCfg = AppStore|iPhone
		{3F049562-6134-4622-9B22-0FCB1390FCEB}.Debug|Any CPU.ActiveCfg = Debug|iPhone
		{3F049562-6134-4622-9B22-0FCB1390FCEB}.Debug|ARM.ActiveCfg = Debug|iPhone
		{3F049562-6134-4622-9B22-0FCB1390FCEB}.Debug|iPhone.ActiveCfg = Debug|iPhone
		{3F049562-6134-4622-9B22-0FCB1390FCEB}.Debug|iPhone.Build.0 = Debug|iPhone
		{3F049562-6134-4622-9B22-0FCB1390FCEB}.Debug|iPhoneSimulator.ActiveCfg = Debug|iPhoneSimulator
		{3F049562-6134-4622-9B22-0FCB1390FCEB}.Debug|iPhoneSimulator.Build.0 = Debug|iPhoneSimulator
		{3F049562-6134-4622-9B22-0FCB1390FCEB}.Debug|x86.ActiveCfg = Debug|iPhone
		{3F049562-6134-4622-9B22-0FCB1390FCEB}.Release|Any CPU.ActiveCfg = Release|iPhone
		{3F049562-6134-4622-9B22-0FCB1390FCEB}.Release|ARM.ActiveCfg = Release|iPhone
		{3F049562-6134-4622-9B22-0FCB1390FCEB}.Release|iPhone.ActiveCfg = Release|iPhone
		{3F049562-6134-4622-9B22-0FCB1390FCEB}.Release|iPhone.Build.0 = Release|iPhone
		{3F049562-6134-4622-9B22-0FCB1390FCEB}.Release|iPhoneSimulator.ActiveCfg = Release|iPhoneSimulator
		{3F049562-6134-4622-9B22-0FCB1390FCEB}.Release|iPhoneSimulator.Build.0 = Release|iPhoneSimulator
		{3F049562-6134-4622-9B22-0FCB1390FCEB}.Release|x86.ActiveCfg = Release|iPhone
		{691632BD-A24C-4DE4-A5DC-99826AA7E8BE}.Ad-Hoc|Any CPU.ActiveCfg = Release|Any CPU
		{691632BD-A24C-4DE4-A5DC-99826AA7E8BE}.Ad-Hoc|Any CPU.Build.0 = Release|Any CPU
		{691632BD-A24C-4DE4-A5DC-99826AA7E8BE}.Ad-Hoc|ARM.ActiveCfg = Release|Any CPU
		{691632BD-A24C-4DE4-A5DC-99826AA7E8BE}.Ad-Hoc|ARM.Build.0 = Release|Any CPU
		{691632BD-A24C-4DE4-A5DC-99826AA7E8BE}.Ad-Hoc|iPhone.ActiveCfg = Release|Any CPU
		{691632BD-A24C-4DE4-A5DC-99826AA7E8BE}.Ad-Hoc|iPhone.Build.0 = Release|Any CPU
		{691632BD-A24C-4DE4-A5DC-99826AA7E8BE}.Ad-Hoc|iPhoneSimulator.ActiveCfg = Release|Any CPU
		{691632BD-A24C-4DE4-A5DC-99826AA7E8BE}.Ad-Hoc|iPhoneSimulator.Build.0 = Release|Any CPU
		{691632BD-A24C-4DE4-A5DC-99826AA7E8BE}.Ad-Hoc|x86.ActiveCfg = Release|Any CPU
		{691632BD-A24C-4DE4-A5DC-99826AA7E8BE}.Ad-Hoc|x86.Build.0 = Release|Any CPU
		{691632BD-A24C-4DE4-A5DC-99826AA7E8BE}.AppStore|Any CPU.ActiveCfg = Release|Any CPU
		{691632BD-A24C-4DE4-A5DC-99826AA7E8BE}.AppStore|Any CPU.Build.0 = Release|Any CPU
		{691632BD-A24C-4DE4-A5DC-99826AA7E8BE}.AppStore|ARM.ActiveCfg = Release|Any CPU
		{691632BD-A24C-4DE4-A5DC-99826AA7E8BE}.AppStore|ARM.Build.0 = Release|Any CPU
		{691632BD-A24C-4DE4-A5DC-99826AA7E8BE}.AppStore|iPhone.ActiveCfg = Release|Any CPU
		{691632BD-A24C-4DE4-A5DC-99826AA7E8BE}.AppStore|iPhone.Build.0 = Release|Any CPU
		{691632BD-A24C-4DE4-A5DC-99826AA7E8BE}.AppStore|iPhoneSimulator.ActiveCfg = Release|Any CPU
		{691632BD-A24C-4DE4-A5DC-99826AA7E8BE}.AppStore|iPhoneSimulator.Build.0 = Release|Any CPU
		{691632BD-A24C-4DE4-A5DC-99826AA7E8BE}.AppStore|x86.ActiveCfg = Release|Any CPU
		{691632BD-A24C-4DE4-A5DC-99826AA7E8BE}.AppStore|x86.Build.0 = Release|Any CPU
		{691632BD-A24C-4DE4-A5DC-99826AA7E8BE}.Debug|Any CPU.ActiveCfg = Debug|Any CPU
		{691632BD-A24C-4DE4-A5DC-99826AA7E8BE}.Debug|Any CPU.Build.0 = Debug|Any CPU
		{691632BD-A24C-4DE4-A5DC-99826AA7E8BE}.Debug|ARM.ActiveCfg = Debug|Any CPU
		{691632BD-A24C-4DE4-A5DC-99826AA7E8BE}.Debug|ARM.Build.0 = Debug|Any CPU
		{691632BD-A24C-4DE4-A5DC-99826AA7E8BE}.Debug|iPhone.ActiveCfg = Debug|Any CPU
		{691632BD-A24C-4DE4-A5DC-99826AA7E8BE}.Debug|iPhone.Build.0 = Debug|Any CPU
		{691632BD-A24C-4DE4-A5DC-99826AA7E8BE}.Debug|iPhoneSimulator.ActiveCfg = Debug|Any CPU
		{691632BD-A24C-4DE4-A5DC-99826AA7E8BE}.Debug|iPhoneSimulator.Build.0 = Debug|Any CPU
		{691632BD-A24C-4DE4-A5DC-99826AA7E8BE}.Debug|x86.ActiveCfg = Debug|Any CPU
		{691632BD-A24C-4DE4-A5DC-99826AA7E8BE}.Debug|x86.Build.0 = Debug|Any CPU
		{691632BD-A24C-4DE4-A5DC-99826AA7E8BE}.Release|Any CPU.ActiveCfg = Release|Any CPU
		{691632BD-A24C-4DE4-A5DC-99826AA7E8BE}.Release|Any CPU.Build.0 = Release|Any CPU
		{691632BD-A24C-4DE4-A5DC-99826AA7E8BE}.Release|ARM.ActiveCfg = Release|Any CPU
		{691632BD-A24C-4DE4-A5DC-99826AA7E8BE}.Release|ARM.Build.0 = Release|Any CPU
		{691632BD-A24C-4DE4-A5DC-99826AA7E8BE}.Release|iPhone.ActiveCfg = Release|Any CPU
		{691632BD-A24C-4DE4-A5DC-99826AA7E8BE}.Release|iPhone.Build.0 = Release|Any CPU
		{691632BD-A24C-4DE4-A5DC-99826AA7E8BE}.Release|iPhoneSimulator.ActiveCfg = Release|Any CPU
		{691632BD-A24C-4DE4-A5DC-99826AA7E8BE}.Release|iPhoneSimulator.Build.0 = Release|Any CPU
		{691632BD-A24C-4DE4-A5DC-99826AA7E8BE}.Release|x86.ActiveCfg = Release|Any CPU
		{691632BD-A24C-4DE4-A5DC-99826AA7E8BE}.Release|x86.Build.0 = Release|Any CPU
		{23970AFB-D75D-476B-AE8A-6C800E59BE80}.Ad-Hoc|Any CPU.ActiveCfg = Release|Any CPU
		{23970AFB-D75D-476B-AE8A-6C800E59BE80}.Ad-Hoc|Any CPU.Build.0 = Release|Any CPU
		{23970AFB-D75D-476B-AE8A-6C800E59BE80}.Ad-Hoc|Any CPU.Deploy.0 = Release|Any CPU
		{23970AFB-D75D-476B-AE8A-6C800E59BE80}.Ad-Hoc|ARM.ActiveCfg = Release|Any CPU
		{23970AFB-D75D-476B-AE8A-6C800E59BE80}.Ad-Hoc|ARM.Build.0 = Release|Any CPU
		{23970AFB-D75D-476B-AE8A-6C800E59BE80}.Ad-Hoc|ARM.Deploy.0 = Release|Any CPU
		{23970AFB-D75D-476B-AE8A-6C800E59BE80}.Ad-Hoc|iPhone.ActiveCfg = Release|Any CPU
		{23970AFB-D75D-476B-AE8A-6C800E59BE80}.Ad-Hoc|iPhone.Build.0 = Release|Any CPU
		{23970AFB-D75D-476B-AE8A-6C800E59BE80}.Ad-Hoc|iPhone.Deploy.0 = Release|Any CPU
		{23970AFB-D75D-476B-AE8A-6C800E59BE80}.Ad-Hoc|iPhoneSimulator.ActiveCfg = Release|Any CPU
		{23970AFB-D75D-476B-AE8A-6C800E59BE80}.Ad-Hoc|iPhoneSimulator.Build.0 = Release|Any CPU
		{23970AFB-D75D-476B-AE8A-6C800E59BE80}.Ad-Hoc|iPhoneSimulator.Deploy.0 = Release|Any CPU
		{23970AFB-D75D-476B-AE8A-6C800E59BE80}.Ad-Hoc|x86.ActiveCfg = Release|Any CPU
		{23970AFB-D75D-476B-AE8A-6C800E59BE80}.Ad-Hoc|x86.Build.0 = Release|Any CPU
		{23970AFB-D75D-476B-AE8A-6C800E59BE80}.Ad-Hoc|x86.Deploy.0 = Release|Any CPU
		{23970AFB-D75D-476B-AE8A-6C800E59BE80}.AppStore|Any CPU.ActiveCfg = Release|Any CPU
		{23970AFB-D75D-476B-AE8A-6C800E59BE80}.AppStore|Any CPU.Build.0 = Release|Any CPU
		{23970AFB-D75D-476B-AE8A-6C800E59BE80}.AppStore|Any CPU.Deploy.0 = Release|Any CPU
		{23970AFB-D75D-476B-AE8A-6C800E59BE80}.AppStore|ARM.ActiveCfg = Release|Any CPU
		{23970AFB-D75D-476B-AE8A-6C800E59BE80}.AppStore|ARM.Build.0 = Release|Any CPU
		{23970AFB-D75D-476B-AE8A-6C800E59BE80}.AppStore|ARM.Deploy.0 = Release|Any CPU
		{23970AFB-D75D-476B-AE8A-6C800E59BE80}.AppStore|iPhone.ActiveCfg = Release|Any CPU
		{23970AFB-D75D-476B-AE8A-6C800E59BE80}.AppStore|iPhone.Build.0 = Release|Any CPU
		{23970AFB-D75D-476B-AE8A-6C800E59BE80}.AppStore|iPhone.Deploy.0 = Release|Any CPU
		{23970AFB-D75D-476B-AE8A-6C800E59BE80}.AppStore|iPhoneSimulator.ActiveCfg = Release|Any CPU
		{23970AFB-D75D-476B-AE8A-6C800E59BE80}.AppStore|iPhoneSimulator.Build.0 = Release|Any CPU
		{23970AFB-D75D-476B-AE8A-6C800E59BE80}.AppStore|iPhoneSimulator.Deploy.0 = Release|Any CPU
		{23970AFB-D75D-476B-AE8A-6C800E59BE80}.AppStore|x86.ActiveCfg = Release|Any CPU
		{23970AFB-D75D-476B-AE8A-6C800E59BE80}.AppStore|x86.Build.0 = Release|Any CPU
		{23970AFB-D75D-476B-AE8A-6C800E59BE80}.AppStore|x86.Deploy.0 = Release|Any CPU
		{23970AFB-D75D-476B-AE8A-6C800E59BE80}.Debug|Any CPU.ActiveCfg = Debug|Any CPU
		{23970AFB-D75D-476B-AE8A-6C800E59BE80}.Debug|Any CPU.Build.0 = Debug|Any CPU
		{23970AFB-D75D-476B-AE8A-6C800E59BE80}.Debug|Any CPU.Deploy.0 = Debug|Any CPU
		{23970AFB-D75D-476B-AE8A-6C800E59BE80}.Debug|ARM.ActiveCfg = Debug|Any CPU
		{23970AFB-D75D-476B-AE8A-6C800E59BE80}.Debug|ARM.Build.0 = Debug|Any CPU
		{23970AFB-D75D-476B-AE8A-6C800E59BE80}.Debug|ARM.Deploy.0 = Debug|Any CPU
		{23970AFB-D75D-476B-AE8A-6C800E59BE80}.Debug|iPhone.ActiveCfg = Debug|Any CPU
		{23970AFB-D75D-476B-AE8A-6C800E59BE80}.Debug|iPhone.Build.0 = Debug|Any CPU
		{23970AFB-D75D-476B-AE8A-6C800E59BE80}.Debug|iPhone.Deploy.0 = Debug|Any CPU
		{23970AFB-D75D-476B-AE8A-6C800E59BE80}.Debug|iPhoneSimulator.ActiveCfg = Debug|Any CPU
		{23970AFB-D75D-476B-AE8A-6C800E59BE80}.Debug|iPhoneSimulator.Build.0 = Debug|Any CPU
		{23970AFB-D75D-476B-AE8A-6C800E59BE80}.Debug|iPhoneSimulator.Deploy.0 = Debug|Any CPU
		{23970AFB-D75D-476B-AE8A-6C800E59BE80}.Debug|x86.ActiveCfg = Debug|Any CPU
		{23970AFB-D75D-476B-AE8A-6C800E59BE80}.Debug|x86.Build.0 = Debug|Any CPU
		{23970AFB-D75D-476B-AE8A-6C800E59BE80}.Debug|x86.Deploy.0 = Debug|Any CPU
		{23970AFB-D75D-476B-AE8A-6C800E59BE80}.Release|Any CPU.ActiveCfg = Release|Any CPU
		{23970AFB-D75D-476B-AE8A-6C800E59BE80}.Release|Any CPU.Build.0 = Release|Any CPU
		{23970AFB-D75D-476B-AE8A-6C800E59BE80}.Release|Any CPU.Deploy.0 = Release|Any CPU
		{23970AFB-D75D-476B-AE8A-6C800E59BE80}.Release|ARM.ActiveCfg = Release|Any CPU
		{23970AFB-D75D-476B-AE8A-6C800E59BE80}.Release|ARM.Build.0 = Release|Any CPU
		{23970AFB-D75D-476B-AE8A-6C800E59BE80}.Release|ARM.Deploy.0 = Release|Any CPU
		{23970AFB-D75D-476B-AE8A-6C800E59BE80}.Release|iPhone.ActiveCfg = Release|Any CPU
		{23970AFB-D75D-476B-AE8A-6C800E59BE80}.Release|iPhone.Build.0 = Release|Any CPU
		{23970AFB-D75D-476B-AE8A-6C800E59BE80}.Release|iPhone.Deploy.0 = Release|Any CPU
		{23970AFB-D75D-476B-AE8A-6C800E59BE80}.Release|iPhoneSimulator.ActiveCfg = Release|Any CPU
		{23970AFB-D75D-476B-AE8A-6C800E59BE80}.Release|iPhoneSimulator.Build.0 = Release|Any CPU
		{23970AFB-D75D-476B-AE8A-6C800E59BE80}.Release|iPhoneSimulator.Deploy.0 = Release|Any CPU
		{23970AFB-D75D-476B-AE8A-6C800E59BE80}.Release|x86.ActiveCfg = Release|Any CPU
		{23970AFB-D75D-476B-AE8A-6C800E59BE80}.Release|x86.Build.0 = Release|Any CPU
		{23970AFB-D75D-476B-AE8A-6C800E59BE80}.Release|x86.Deploy.0 = Release|Any CPU
		{0EFC29E7-B217-4622-8198-E7AECA29526A}.Ad-Hoc|Any CPU.ActiveCfg = Release|Any CPU
		{0EFC29E7-B217-4622-8198-E7AECA29526A}.Ad-Hoc|Any CPU.Build.0 = Release|Any CPU
		{0EFC29E7-B217-4622-8198-E7AECA29526A}.Ad-Hoc|Any CPU.Deploy.0 = Release|Any CPU
		{0EFC29E7-B217-4622-8198-E7AECA29526A}.Ad-Hoc|ARM.ActiveCfg = Release|Any CPU
		{0EFC29E7-B217-4622-8198-E7AECA29526A}.Ad-Hoc|ARM.Build.0 = Release|Any CPU
		{0EFC29E7-B217-4622-8198-E7AECA29526A}.Ad-Hoc|ARM.Deploy.0 = Release|Any CPU
		{0EFC29E7-B217-4622-8198-E7AECA29526A}.Ad-Hoc|iPhone.ActiveCfg = Release|Any CPU
		{0EFC29E7-B217-4622-8198-E7AECA29526A}.Ad-Hoc|iPhone.Build.0 = Release|Any CPU
		{0EFC29E7-B217-4622-8198-E7AECA29526A}.Ad-Hoc|iPhone.Deploy.0 = Release|Any CPU
		{0EFC29E7-B217-4622-8198-E7AECA29526A}.Ad-Hoc|iPhoneSimulator.ActiveCfg = Release|Any CPU
		{0EFC29E7-B217-4622-8198-E7AECA29526A}.Ad-Hoc|iPhoneSimulator.Build.0 = Release|Any CPU
		{0EFC29E7-B217-4622-8198-E7AECA29526A}.Ad-Hoc|iPhoneSimulator.Deploy.0 = Release|Any CPU
		{0EFC29E7-B217-4622-8198-E7AECA29526A}.Ad-Hoc|x86.ActiveCfg = Release|Any CPU
		{0EFC29E7-B217-4622-8198-E7AECA29526A}.Ad-Hoc|x86.Build.0 = Release|Any CPU
		{0EFC29E7-B217-4622-8198-E7AECA29526A}.Ad-Hoc|x86.Deploy.0 = Release|Any CPU
		{0EFC29E7-B217-4622-8198-E7AECA29526A}.AppStore|Any CPU.ActiveCfg = Release|Any CPU
		{0EFC29E7-B217-4622-8198-E7AECA29526A}.AppStore|Any CPU.Build.0 = Release|Any CPU
		{0EFC29E7-B217-4622-8198-E7AECA29526A}.AppStore|Any CPU.Deploy.0 = Release|Any CPU
		{0EFC29E7-B217-4622-8198-E7AECA29526A}.AppStore|ARM.ActiveCfg = Release|Any CPU
		{0EFC29E7-B217-4622-8198-E7AECA29526A}.AppStore|ARM.Build.0 = Release|Any CPU
		{0EFC29E7-B217-4622-8198-E7AECA29526A}.AppStore|ARM.Deploy.0 = Release|Any CPU
		{0EFC29E7-B217-4622-8198-E7AECA29526A}.AppStore|iPhone.ActiveCfg = Release|Any CPU
		{0EFC29E7-B217-4622-8198-E7AECA29526A}.AppStore|iPhone.Build.0 = Release|Any CPU
		{0EFC29E7-B217-4622-8198-E7AECA29526A}.AppStore|iPhone.Deploy.0 = Release|Any CPU
		{0EFC29E7-B217-4622-8198-E7AECA29526A}.AppStore|iPhoneSimulator.ActiveCfg = Release|Any CPU
		{0EFC29E7-B217-4622-8198-E7AECA29526A}.AppStore|iPhoneSimulator.Build.0 = Release|Any CPU
		{0EFC29E7-B217-4622-8198-E7AECA29526A}.AppStore|iPhoneSimulator.Deploy.0 = Release|Any CPU
		{0EFC29E7-B217-4622-8198-E7AECA29526A}.AppStore|x86.ActiveCfg = Release|Any CPU
		{0EFC29E7-B217-4622-8198-E7AECA29526A}.AppStore|x86.Build.0 = Release|Any CPU
		{0EFC29E7-B217-4622-8198-E7AECA29526A}.AppStore|x86.Deploy.0 = Release|Any CPU
		{0EFC29E7-B217-4622-8198-E7AECA29526A}.Debug|Any CPU.ActiveCfg = Debug|Any CPU
		{0EFC29E7-B217-4622-8198-E7AECA29526A}.Debug|Any CPU.Build.0 = Debug|Any CPU
		{0EFC29E7-B217-4622-8198-E7AECA29526A}.Debug|Any CPU.Deploy.0 = Debug|Any CPU
		{0EFC29E7-B217-4622-8198-E7AECA29526A}.Debug|ARM.ActiveCfg = Debug|Any CPU
		{0EFC29E7-B217-4622-8198-E7AECA29526A}.Debug|ARM.Build.0 = Debug|Any CPU
		{0EFC29E7-B217-4622-8198-E7AECA29526A}.Debug|ARM.Deploy.0 = Debug|Any CPU
		{0EFC29E7-B217-4622-8198-E7AECA29526A}.Debug|iPhone.ActiveCfg = Debug|Any CPU
		{0EFC29E7-B217-4622-8198-E7AECA29526A}.Debug|iPhone.Build.0 = Debug|Any CPU
		{0EFC29E7-B217-4622-8198-E7AECA29526A}.Debug|iPhone.Deploy.0 = Debug|Any CPU
		{0EFC29E7-B217-4622-8198-E7AECA29526A}.Debug|iPhoneSimulator.ActiveCfg = Debug|Any CPU
		{0EFC29E7-B217-4622-8198-E7AECA29526A}.Debug|iPhoneSimulator.Build.0 = Debug|Any CPU
		{0EFC29E7-B217-4622-8198-E7AECA29526A}.Debug|iPhoneSimulator.Deploy.0 = Debug|Any CPU
		{0EFC29E7-B217-4622-8198-E7AECA29526A}.Debug|x86.ActiveCfg = Debug|Any CPU
		{0EFC29E7-B217-4622-8198-E7AECA29526A}.Debug|x86.Build.0 = Debug|Any CPU
		{0EFC29E7-B217-4622-8198-E7AECA29526A}.Debug|x86.Deploy.0 = Debug|Any CPU
		{0EFC29E7-B217-4622-8198-E7AECA29526A}.Release|Any CPU.ActiveCfg = Release|Any CPU
		{0EFC29E7-B217-4622-8198-E7AECA29526A}.Release|Any CPU.Build.0 = Release|Any CPU
		{0EFC29E7-B217-4622-8198-E7AECA29526A}.Release|Any CPU.Deploy.0 = Release|Any CPU
		{0EFC29E7-B217-4622-8198-E7AECA29526A}.Release|ARM.ActiveCfg = Release|Any CPU
		{0EFC29E7-B217-4622-8198-E7AECA29526A}.Release|ARM.Build.0 = Release|Any CPU
		{0EFC29E7-B217-4622-8198-E7AECA29526A}.Release|ARM.Deploy.0 = Release|Any CPU
		{0EFC29E7-B217-4622-8198-E7AECA29526A}.Release|iPhone.ActiveCfg = Release|Any CPU
		{0EFC29E7-B217-4622-8198-E7AECA29526A}.Release|iPhone.Build.0 = Release|Any CPU
		{0EFC29E7-B217-4622-8198-E7AECA29526A}.Release|iPhone.Deploy.0 = Release|Any CPU
		{0EFC29E7-B217-4622-8198-E7AECA29526A}.Release|iPhoneSimulator.ActiveCfg = Release|Any CPU
		{0EFC29E7-B217-4622-8198-E7AECA29526A}.Release|iPhoneSimulator.Build.0 = Release|Any CPU
		{0EFC29E7-B217-4622-8198-E7AECA29526A}.Release|iPhoneSimulator.Deploy.0 = Release|Any CPU
		{0EFC29E7-B217-4622-8198-E7AECA29526A}.Release|x86.ActiveCfg = Release|Any CPU
		{0EFC29E7-B217-4622-8198-E7AECA29526A}.Release|x86.Build.0 = Release|Any CPU
		{0EFC29E7-B217-4622-8198-E7AECA29526A}.Release|x86.Deploy.0 = Release|Any CPU
	EndGlobalSection
	GlobalSection(SolutionProperties) = preSolution
		HideSolutionNode = FALSE
	EndGlobalSection
	GlobalSection(NestedProjects) = preSolution
		{9BA1959E-4C76-42F6-A2F5-AC6E0C6CCF61} = {968216BD-D7EB-425B-8317-007C5014CFF0}
		{6FD34322-75F5-41F2-A470-A35B852755BB} = {968216BD-D7EB-425B-8317-007C5014CFF0}
		{3F049562-6134-4622-9B22-0FCB1390FCEB} = {968216BD-D7EB-425B-8317-007C5014CFF0}
		{691632BD-A24C-4DE4-A5DC-99826AA7E8BE} = {968216BD-D7EB-425B-8317-007C5014CFF0}
		{23970AFB-D75D-476B-AE8A-6C800E59BE80} = {968216BD-D7EB-425B-8317-007C5014CFF0}
		{0EFC29E7-B217-4622-8198-E7AECA29526A} = {968216BD-D7EB-425B-8317-007C5014CFF0}
	EndGlobalSection
EndGlobal
